
Microsoft Visual Studio Solution File, Format Version 12.00
# Visual Studio 15
VisualStudioVersion = 15.0.26124.0
MinimumVisualStudioVersion = 15.0.26124.0
Project("{2150E333-8FDC-42A3-9474-1A3956D46DE8}") = "src", "src", "{521F78C3-114D-40A4-A28C-3779BD679963}"
EndProject
Project("{2150E333-8FDC-42A3-9474-1A3956D46DE8}") = "test", "test", "{4D52327D-85F2-4F04-9DD2-011F263B53D6}"
EndProject
Project("{FAE04EC0-301F-11D3-BF4B-00C04F79EFBC}") = "PlanningPoker.Client.Tests", "PlanningPoker.Client.Tests\PlanningPoker.Client.Tests.csproj", "{E9A7683E-FD73-45C3-9649-8D1BE3353217}"
EndProject
Project("{FAE04EC0-301F-11D3-BF4B-00C04F79EFBC}") = "PlanningPoker.Client", "PlanningPoker.Client\PlanningPoker.Client.csproj", "{A8BFE1CA-6CB3-4242-851B-7D756044B014}"
EndProject
Global
	GlobalSection(SolutionConfigurationPlatforms) = preSolution
		Debug|Any CPU = Debug|Any CPU
		Debug|x64 = Debug|x64
		Debug|x86 = Debug|x86
		Release|Any CPU = Release|Any CPU
		Release|x64 = Release|x64
		Release|x86 = Release|x86
	EndGlobalSection
	GlobalSection(SolutionProperties) = preSolution
		HideSolutionNode = FALSE
	EndGlobalSection
	GlobalSection(ProjectConfigurationPlatforms) = postSolution
		{E9A7683E-FD73-45C3-9649-8D1BE3353217}.Debug|Any CPU.ActiveCfg = Debug|Any CPU
		{E9A7683E-FD73-45C3-9649-8D1BE3353217}.Debug|Any CPU.Build.0 = Debug|Any CPU
		{E9A7683E-FD73-45C3-9649-8D1BE3353217}.Debug|x64.ActiveCfg = Debug|Any CPU
		{E9A7683E-FD73-45C3-9649-8D1BE3353217}.Debug|x64.Build.0 = Debug|Any CPU
		{E9A7683E-FD73-45C3-9649-8D1BE3353217}.Debug|x86.ActiveCfg = Debug|Any CPU
		{E9A7683E-FD73-45C3-9649-8D1BE3353217}.Debug|x86.Build.0 = Debug|Any CPU
		{E9A7683E-FD73-45C3-9649-8D1BE3353217}.Release|Any CPU.ActiveCfg = Release|Any CPU
		{E9A7683E-FD73-45C3-9649-8D1BE3353217}.Release|Any CPU.Build.0 = Release|Any CPU
		{E9A7683E-FD73-45C3-9649-8D1BE3353217}.Release|x64.ActiveCfg = Release|Any CPU
		{E9A7683E-FD73-45C3-9649-8D1BE3353217}.Release|x64.Build.0 = Release|Any CPU
		{E9A7683E-FD73-45C3-9649-8D1BE3353217}.Release|x86.ActiveCfg = Release|Any CPU
		{E9A7683E-FD73-45C3-9649-8D1BE3353217}.Release|x86.Build.0 = Release|Any CPU
		{A8BFE1CA-6CB3-4242-851B-7D756044B014}.Debug|Any CPU.ActiveCfg = Debug|Any CPU
		{A8BFE1CA-6CB3-4242-851B-7D756044B014}.Debug|Any CPU.Build.0 = Debug|Any CPU
		{A8BFE1CA-6CB3-4242-851B-7D756044B014}.Debug|x64.ActiveCfg = Debug|Any CPU
		{A8BFE1CA-6CB3-4242-851B-7D756044B014}.Debug|x64.Build.0 = Debug|Any CPU
		{A8BFE1CA-6CB3-4242-851B-7D756044B014}.Debug|x86.ActiveCfg = Debug|Any CPU
		{A8BFE1CA-6CB3-4242-851B-7D756044B014}.Debug|x86.Build.0 = Debug|Any CPU
		{A8BFE1CA-6CB3-4242-851B-7D756044B014}.Release|Any CPU.ActiveCfg = Release|Any CPU
		{A8BFE1CA-6CB3-4242-851B-7D756044B014}.Release|Any CPU.Build.0 = Release|Any CPU
		{A8BFE1CA-6CB3-4242-851B-7D756044B014}.Release|x64.ActiveCfg = Release|Any CPU
		{A8BFE1CA-6CB3-4242-851B-7D756044B014}.Release|x64.Build.0 = Release|Any CPU
		{A8BFE1CA-6CB3-4242-851B-7D756044B014}.Release|x86.ActiveCfg = Release|Any CPU
		{A8BFE1CA-6CB3-4242-851B-7D756044B014}.Release|x86.Build.0 = Release|Any CPU
	EndGlobalSection
	GlobalSection(NestedProjects) = preSolution
		{E9A7683E-FD73-45C3-9649-8D1BE3353217} = {4D52327D-85F2-4F04-9DD2-011F263B53D6}
		{A8BFE1CA-6CB3-4242-851B-7D756044B014} = {521F78C3-114D-40A4-A28C-3779BD679963}
	EndGlobalSection
EndGlobal
